// !$*UTF8*$!
{
	archiveVersion = 1;
	classes = {
	};
	objectVersion = 46;
	objects = {

/* Begin PBXBuildFile section */
		CB8265E61E94E114002052AD /* AppDelegate.swift in Sources */ = {isa = PBXBuildFile; fileRef = CB8265E51E94E114002052AD /* AppDelegate.swift */; };
		CB8265E81E94E114002052AD /* ViewController.swift in Sources */ = {isa = PBXBuildFile; fileRef = CB8265E71E94E114002052AD /* ViewController.swift */; };
		CB8265EB1E94E114002052AD /* Main.storyboard in Resources */ = {isa = PBXBuildFile; fileRef = CB8265E91E94E114002052AD /* Main.storyboard */; };
		CB8265ED1E94E114002052AD /* Assets.xcassets in Resources */ = {isa = PBXBuildFile; fileRef = CB8265EC1E94E114002052AD /* Assets.xcassets */; };
		CB8265F01E94E114002052AD /* LaunchScreen.storyboard in Resources */ = {isa = PBXBuildFile; fileRef = CB8265EE1E94E114002052AD /* LaunchScreen.storyboard */; };
		CB8265FB1E94E114002052AD /* Silly_SongTests.swift in Sources */ = {isa = PBXBuildFile; fileRef = CB8265FA1E94E114002052AD /* Silly_SongTests.swift */; };
		CB8266061E94E114002052AD /* Silly_SongUITests.swift in Sources */ = {isa = PBXBuildFile; fileRef = CB8266051E94E114002052AD /* Silly_SongUITests.swift */; };
/* End PBXBuildFile section */

/* Begin PBXContainerItemProxy section */
		CB8265F71E94E114002052AD /* PBXContainerItemProxy */ = {
			isa = PBXContainerItemProxy;
			containerPortal = CB8265DA1E94E113002052AD /* Project object */;
			proxyType = 1;
			remoteGlobalIDString = CB8265E11E94E113002052AD;
			remoteInfo = "Silly Song";
		};
		CB8266021E94E114002052AD /* PBXContainerItemProxy */ = {
			isa = PBXContainerItemProxy;
			containerPortal = CB8265DA1E94E113002052AD /* Project object */;
			proxyType = 1;
			remoteGlobalIDString = CB8265E11E94E113002052AD;
			remoteInfo = "Silly Song";
		};
/* End PBXContainerItemProxy section */

/* Begin PBXFileReference section */
		CB8265E21E94E114002052AD /* Silly Song.app */ = {isa = PBXFileReference; explicitFileType = wrapper.application; includeInIndex = 0; path = "Silly Song.app"; sourceTree = BUILT_PRODUCTS_DIR; };
		CB8265E51E94E114002052AD /* AppDelegate.swift */ = {isa = PBXFileReference; lastKnownFileType = sourcecode.swift; path = AppDelegate.swift; sourceTree = "<group>"; };
		CB8265E71E94E114002052AD /* ViewController.swift */ = {isa = PBXFileReference; lastKnownFileType = sourcecode.swift; path = ViewController.swift; sourceTree = "<group>"; };
		CB8265EA1E94E114002052AD /* Base */ = {isa = PBXFileReference; lastKnownFileType = file.storyboard; name = Base; path = Base.lproj/Main.storyboard; sourceTree = "<group>"; };
		CB8265EC1E94E114002052AD /* Assets.xcassets */ = {isa = PBXFileReference; lastKnownFileType = folder.assetcatalog; path = Assets.xcassets; sourceTree = "<group>"; };
		CB8265EF1E94E114002052AD /* Base */ = {isa = PBXFileReference; lastKnownFileType = file.storyboard; name = Base; path = Base.lproj/LaunchScreen.storyboard; sourceTree = "<group>"; };
		CB8265F11E94E114002052AD /* Info.plist */ = {isa = PBXFileReference; lastKnownFileType = text.plist.xml; path = Info.plist; sourceTree = "<group>"; };
		CB8265F61E94E114002052AD /* Silly SongTests.xctest */ = {isa = PBXFileReference; explicitFileType = wrapper.cfbundle; includeInIndex = 0; path = "Silly SongTests.xctest"; sourceTree = BUILT_PRODUCTS_DIR; };
		CB8265FA1E94E114002052AD /* Silly_SongTests.swift */ = {isa = PBXFileReference; lastKnownFileType = sourcecode.swift; path = Silly_SongTests.swift; sourceTree = "<group>"; };
		CB8265FC1E94E114002052AD /* Info.plist */ = {isa = PBXFileReference; lastKnownFileType = text.plist.xml; path = Info.plist; sourceTree = "<group>"; };
		CB8266011E94E114002052AD /* Silly SongUITests.xctest */ = {isa = PBXFileReference; explicitFileType = wrapper.cfbundle; includeInIndex = 0; path = "Silly SongUITests.xctest"; sourceTree = BUILT_PRODUCTS_DIR; };
		CB8266051E94E114002052AD /* Silly_SongUITests.swift */ = {isa = PBXFileReference; lastKnownFileType = sourcecode.swift; path = Silly_SongUITests.swift; sourceTree = "<group>"; };
		CB8266071E94E114002052AD /* Info.plist */ = {isa = PBXFileReference; lastKnownFileType = text.plist.xml; path = Info.plist; sourceTree = "<group>"; };
/* End PBXFileReference section */

/* Begin PBXFrameworksBuildPhase section */
		CB8265DF1E94E113002052AD /* Frameworks */ = {
			isa = PBXFrameworksBuildPhase;
			buildActionMask = 2147483647;
			files = (
			);
			runOnlyForDeploymentPostprocessing = 0;
		};
		CB8265F31E94E114002052AD /* Frameworks */ = {
			isa = PBXFrameworksBuildPhase;
			buildActionMask = 2147483647;
			files = (
			);
			runOnlyForDeploymentPostprocessing = 0;
		};
		CB8265FE1E94E114002052AD /* Frameworks */ = {
			isa = PBXFrameworksBuildPhase;
			buildActionMask = 2147483647;
			files = (
			);
			runOnlyForDeploymentPostprocessing = 0;
		};
/* End PBXFrameworksBuildPhase section */

/* Begin PBXGroup section */
		CB8265D91E94E113002052AD = {
			isa = PBXGroup;
			children = (
				CB8265E41E94E114002052AD /* Silly Song */,
				CB8265F91E94E114002052AD /* Silly SongTests */,
				CB8266041E94E114002052AD /* Silly SongUITests */,
				CB8265E31E94E114002052AD /* Products */,
			);
			sourceTree = "<group>";
		};
		CB8265E31E94E114002052AD /* Products */ = {
			isa = PBXGroup;
			children = (
				CB8265E21E94E114002052AD /* Silly Song.app */,
				CB8265F61E94E114002052AD /* Silly SongTests.xctest */,
				CB8266011E94E114002052AD /* Silly SongUITests.xctest */,
			);
			name = Products;
			sourceTree = "<group>";
		};
		CB8265E41E94E114002052AD /* Silly Song */ = {
			isa = PBXGroup;
			children = (
				CB8265E51E94E114002052AD /* AppDelegate.swift */,
				CB8265E71E94E114002052AD /* ViewController.swift */,
				CB8265E91E94E114002052AD /* Main.storyboard */,
				CB8265EC1E94E114002052AD /* Assets.xcassets */,
				CB8265EE1E94E114002052AD /* LaunchScreen.storyboard */,
				CB8265F11E94E114002052AD /* Info.plist */,
			);
			path = "Silly Song";
			sourceTree = "<group>";
		};
		CB8265F91E94E114002052AD /* Silly SongTests */ = {
			isa = PBXGroup;
			children = (
				CB8265FA1E94E114002052AD /* Silly_SongTests.swift */,
				CB8265FC1E94E114002052AD /* Info.plist */,
			);
			path = "Silly SongTests";
			sourceTree = "<group>";
		};
		CB8266041E94E114002052AD /* Silly SongUITests */ = {
			isa = PBXGroup;
			children = (
				CB8266051E94E114002052AD /* Silly_SongUITests.swift */,
				CB8266071E94E114002052AD /* Info.plist */,
			);
			path = "Silly SongUITests";
			sourceTree = "<group>";
		};
/* End PBXGroup section */

/* Begin PBXNativeTarget section */
		CB8265E11E94E113002052AD /* Silly Song */ = {
			isa = PBXNativeTarget;
			buildConfigurationList = CB82660A1E94E115002052AD /* Build configuration list for PBXNativeTarget "Silly Song" */;
			buildPhases = (
				CB8265DE1E94E113002052AD /* Sources */,
				CB8265DF1E94E113002052AD /* Frameworks */,
				CB8265E01E94E113002052AD /* Resources */,
			);
			buildRules = (
			);
			dependencies = (
			);
			name = "Silly Song";
			productName = "Silly Song";
			productReference = CB8265E21E94E114002052AD /* Silly Song.app */;
			productType = "com.apple.product-type.application";
		};
		CB8265F51E94E114002052AD /* Silly SongTests */ = {
			isa = PBXNativeTarget;
			buildConfigurationList = CB82660D1E94E115002052AD /* Build configuration list for PBXNativeTarget "Silly SongTests" */;
			buildPhases = (
				CB8265F21E94E114002052AD /* Sources */,
				CB8265F31E94E114002052AD /* Frameworks */,
				CB8265F41E94E114002052AD /* Resources */,
			);
			buildRules = (
			);
			dependencies = (
				CB8265F81E94E114002052AD /* PBXTargetDependency */,
			);
			name = "Silly SongTests";
			productName = "Silly SongTests";
			productReference = CB8265F61E94E114002052AD /* Silly SongTests.xctest */;
			productType = "com.apple.product-type.bundle.unit-test";
		};
		CB8266001E94E114002052AD /* Silly SongUITests */ = {
			isa = PBXNativeTarget;
			buildConfigurationList = CB8266101E94E115002052AD /* Build configuration list for PBXNativeTarget "Silly SongUITests" */;
			buildPhases = (
				CB8265FD1E94E114002052AD /* Sources */,
				CB8265FE1E94E114002052AD /* Frameworks */,
				CB8265FF1E94E114002052AD /* Resources */,
			);
			buildRules = (
			);
			dependencies = (
				CB8266031E94E114002052AD /* PBXTargetDependency */,
			);
			name = "Silly SongUITests";
			productName = "Silly SongUITests";
			productReference = CB8266011E94E114002052AD /* Silly SongUITests.xctest */;
			productType = "com.apple.product-type.bundle.ui-testing";
		};
/* End PBXNativeTarget section */

/* Begin PBXProject section */
		CB8265DA1E94E113002052AD /* Project object */ = {
			isa = PBXProject;
			attributes = {
				LastSwiftUpdateCheck = 0830;
				LastUpgradeCheck = 0830;
				ORGANIZATIONNAME = "Manish Ghumnani";
				TargetAttributes = {
					CB8265E11E94E113002052AD = {
						CreatedOnToolsVersion = 8.3;
						ProvisioningStyle = Automatic;
					};
					CB8265F51E94E114002052AD = {
						CreatedOnToolsVersion = 8.3;
						ProvisioningStyle = Automatic;
						TestTargetID = CB8265E11E94E113002052AD;
					};
					CB8266001E94E114002052AD = {
						CreatedOnToolsVersion = 8.3;
						ProvisioningStyle = Automatic;
						TestTargetID = CB8265E11E94E113002052AD;
					};
				};
			};
			buildConfigurationList = CB8265DD1E94E113002052AD /* Build configuration list for PBXProject "Silly Song" */;
			compatibilityVersion = "Xcode 3.2";
			developmentRegion = English;
			hasScannedForEncodings = 0;
			knownRegions = (
				en,
				Base,
			);
			mainGroup = CB8265D91E94E113002052AD;
			productRefGroup = CB8265E31E94E114002052AD /* Products */;
			projectDirPath = "";
			projectRoot = "";
			targets = (
				CB8265E11E94E113002052AD /* Silly Song */,
				CB8265F51E94E114002052AD /* Silly SongTests */,
				CB8266001E94E114002052AD /* Silly SongUITests */,
			);
		};
/* End PBXProject section */

/* Begin PBXResourcesBuildPhase section */
		CB8265E01E94E113002052AD /* Resources */ = {
			isa = PBXResourcesBuildPhase;
			buildActionMask = 2147483647;
			files = (
				CB8265F01E94E114002052AD /* LaunchScreen.storyboard in Resources */,
				CB8265ED1E94E114002052AD /* Assets.xcassets in Resources */,
				CB8265EB1E94E114002052AD /* Main.storyboard in Resources */,
			);
			runOnlyForDeploymentPostprocessing = 0;
		};
		CB8265F41E94E114002052AD /* Resources */ = {
			isa = PBXResourcesBuildPhase;
			buildActionMask = 2147483647;
			files = (
			);
			runOnlyForDeploymentPostprocessing = 0;
		};
		CB8265FF1E94E114002052AD /* Resources */ = {
			isa = PBXResourcesBuildPhase;
			buildActionMask = 2147483647;
			files = (
			);
			runOnlyForDeploymentPostprocessing = 0;
		};
/* End PBXResourcesBuildPhase section */

/* Begin PBXSourcesBuildPhase section */
		CB8265DE1E94E113002052AD /* Sources */ = {
			isa = PBXSourcesBuildPhase;
			buildActionMask = 2147483647;
			files = (
				CB8265E81E94E114002052AD /* ViewController.swift in Sources */,
				CB8265E61E94E114002052AD /* AppDelegate.swift in Sources */,
			);
			runOnlyForDeploymentPostprocessing = 0;
		};
		CB8265F21E94E114002052AD /* Sources */ = {
			isa = PBXSourcesBuildPhase;
			buildActionMask = 2147483647;
			files = (
				CB8265FB1E94E114002052AD /* Silly_SongTests.swift in Sources */,
			);
			runOnlyForDeploymentPostprocessing = 0;
		};
		CB8265FD1E94E114002052AD /* Sources */ = {
			isa = PBXSourcesBuildPhase;
			buildActionMask = 2147483647;
			files = (
				CB8266061E94E114002052AD /* Silly_SongUITests.swift in Sources */,
			);
			runOnlyForDeploymentPostprocessing = 0;
		};
/* End PBXSourcesBuildPhase section */

/* Begin PBXTargetDependency section */
		CB8265F81E94E114002052AD /* PBXTargetDependency */ = {
			isa = PBXTargetDependency;
			target = CB8265E11E94E113002052AD /* Silly Song */;
			targetProxy = CB8265F71E94E114002052AD /* PBXContainerItemProxy */;
		};
		CB8266031E94E114002052AD /* PBXTargetDependency */ = {
			isa = PBXTargetDependency;
			target = CB8265E11E94E113002052AD /* Silly Song */;
			targetProxy = CB8266021E94E114002052AD /* PBXContainerItemProxy */;
		};
/* End PBXTargetDependency section */

/* Begin PBXVariantGroup section */
		CB8265E91E94E114002052AD /* Main.storyboard */ = {
			isa = PBXVariantGroup;
			children = (
				CB8265EA1E94E114002052AD /* Base */,
			);
			name = Main.storyboard;
			sourceTree = "<group>";
		};
		CB8265EE1E94E114002052AD /* LaunchScreen.storyboard */ = {
			isa = PBXVariantGroup;
			children = (
				CB8265EF1E94E114002052AD /* Base */,
			);
			name = LaunchScreen.storyboard;
			sourceTree = "<group>";
		};
/* End PBXVariantGroup section */

/* Begin XCBuildConfiguration section */
		CB8266081E94E115002052AD /* Debug */ = {
			isa = XCBuildConfiguration;
			buildSettings = {
				ALWAYS_SEARCH_USER_PATHS = NO;
				CLANG_ANALYZER_NONNULL = YES;
				CLANG_ANALYZER_NUMBER_OBJECT_CONVERSION = YES_AGGRESSIVE;
				CLANG_CXX_LANGUAGE_STANDARD = "gnu++0x";
				CLANG_CXX_LIBRARY = "libc++";
				CLANG_ENABLE_MODULES = YES;
				CLANG_ENABLE_OBJC_ARC = YES;
				CLANG_WARN_BOOL_CONVERSION = YES;
				CLANG_WARN_CONSTANT_CONVERSION = YES;
				CLANG_WARN_DIRECT_OBJC_ISA_USAGE = YES_ERROR;
				CLANG_WARN_DOCUMENTATION_COMMENTS = YES;
				CLANG_WARN_EMPTY_BODY = YES;
				CLANG_WARN_ENUM_CONVERSION = YES;
				CLANG_WARN_INFINITE_RECURSION = YES;
				CLANG_WARN_INT_CONVERSION = YES;
				CLANG_WARN_OBJC_ROOT_CLASS = YES_ERROR;
				CLANG_WARN_SUSPICIOUS_MOVE = YES;
				CLANG_WARN_UNREACHABLE_CODE = YES;
				CLANG_WARN__DUPLICATE_METHOD_MATCH = YES;
				"CODE_SIGN_IDENTITY[sdk=iphoneos*]" = "iPhone Developer";
				COPY_PHASE_STRIP = NO;
				DEBUG_INFORMATION_FORMAT = dwarf;
				ENABLE_STRICT_OBJC_MSGSEND = YES;
				ENABLE_TESTABILITY = YES;
				GCC_C_LANGUAGE_STANDARD = gnu99;
				GCC_DYNAMIC_NO_PIC = NO;
				GCC_NO_COMMON_BLOCKS = YES;
				GCC_OPTIMIZATION_LEVEL = 0;
				GCC_PREPROCESSOR_DEFINITIONS = (
					"DEBUG=1",
					"$(inherited)",
				);
				GCC_WARN_64_TO_32_BIT_CONVERSION = YES;
				GCC_WARN_ABOUT_RETURN_TYPE = YES_ERROR;
				GCC_WARN_UNDECLARED_SELECTOR = YES;
				GCC_WARN_UNINITIALIZED_AUTOS = YES_AGGRESSIVE;
				GCC_WARN_UNUSED_FUNCTION = YES;
				GCC_WARN_UNUSED_VARIABLE = YES;
				IPHONEOS_DEPLOYMENT_TARGET = 10.3;
				MTL_ENABLE_DEBUG_INFO = YES;
				ONLY_ACTIVE_ARCH = YES;
				SDKROOT = iphoneos;
				SWIFT_ACTIVE_COMPILATION_CONDITIONS = DEBUG;
				SWIFT_OPTIMIZATION_LEVEL = "-Onone";
				TARGETED_DEVICE_FAMILY = "1,2";
			};
			name = Debug;
		};
		CB8266091E94E115002052AD /* Release */ = {
			isa = XCBuildConfiguration;
			buildSettings = {
				ALWAYS_SEARCH_USER_PATHS = NO;
				CLANG_ANALYZER_NONNULL = YES;
				CLANG_ANALYZER_NUMBER_OBJECT_CONVERSION = YES_AGGRESSIVE;
				CLANG_CXX_LANGUAGE_STANDARD = "gnu++0x";
				CLANG_CXX_LIBRARY = "libc++";
				CLANG_ENABLE_MODULES = YES;
				CLANG_ENABLE_OBJC_ARC = YES;
				CLANG_WARN_BOOL_CONVERSION = YES;
				CLANG_WARN_CONSTANT_CONVERSION = YES;
				CLANG_WARN_DIRECT_OBJC_ISA_USAGE = YES_ERROR;
				CLANG_WARN_DOCUMENTATION_COMMENTS = YES;
				CLANG_WARN_EMPTY_BODY = YES;
				CLANG_WARN_ENUM_CONVERSION = YES;
				CLANG_WARN_INFINITE_RECURSION = YES;
				CLANG_WARN_INT_CONVERSION = YES;
				CLANG_WARN_OBJC_ROOT_CLASS = YES_ERROR;
				CLANG_WARN_SUSPICIOUS_MOVE = YES;
				CLANG_WARN_UNREACHABLE_CODE = YES;
				CLANG_WARN__DUPLICATE_METHOD_MATCH = YES;
				"CODE_SIGN_IDENTITY[sdk=iphoneos*]" = "iPhone Developer";
				COPY_PHASE_STRIP = NO;
				DEBUG_INFORMATION_FORMAT = "dwarf-with-dsym";
				ENABLE_NS_ASSERTIONS = NO;
				ENABLE_STRICT_OBJC_MSGSEND = YES;
				GCC_C_LANGUAGE_STANDARD = gnu99;
				GCC_NO_COMMON_BLOCKS = YES;
				GCC_WARN_64_TO_32_BIT_CONVERSION = YES;
				GCC_WARN_ABOUT_RETURN_TYPE = YES_ERROR;
				GCC_WARN_UNDECLARED_SELECTOR = YES;
				GCC_WARN_UNINITIALIZED_AUTOS = YES_AGGRESSIVE;
				GCC_WARN_UNUSED_FUNCTION = YES;
				GCC_WARN_UNUSED_VARIABLE = YES;
				IPHONEOS_DEPLOYMENT_TARGET = 10.3;
				MTL_ENABLE_DEBUG_INFO = NO;
				SDKROOT = iphoneos;
				SWIFT_OPTIMIZATION_LEVEL = "-Owholemodule";
				TARGETED_DEVICE_FAMILY = "1,2";
				VALIDATE_PRODUCT = YES;
			};
			name = Release;
		};
		CB82660B1E94E115002052AD /* Debug */ = {
			isa = XCBuildConfiguration;
			buildSettings = {
				ASSETCATALOG_COMPILER_APPICON_NAME = AppIcon;
				INFOPLIST_FILE = "Silly Song/Info.plist";
				LD_RUNPATH_SEARCH_PATHS = "$(inherited) @executable_path/Frameworks";
				PRODUCT_BUNDLE_IDENTIFIER = "com.ios.manish.Silly-Song";
				PRODUCT_NAME = "$(TARGET_NAME)";
				SWIFT_VERSION = 3.0;
			};
			name = Debug;
		};
		CB82660C1E94E115002052AD /* Release */ = {
			isa = XCBuildConfiguration;
			buildSettings = {
				ASSETCATALOG_COMPILER_APPICON_NAME = AppIcon;
				INFOPLIST_FILE = "Silly Song/Info.plist";
				LD_RUNPATH_SEARCH_PATHS = "$(inherited) @executable_path/Frameworks";
				PRODUCT_BUNDLE_IDENTIFIER = "com.ios.manish.Silly-Song";
				PRODUCT_NAME = "$(TARGET_NAME)";
				SWIFT_VERSION = 3.0;
			};
			name = Release;
		};
		CB82660E1E94E115002052AD /* Debug */ = {
			isa = XCBuildConfiguration;
			buildSettings = {
				ALWAYS_EMBED_SWIFT_STANDARD_LIBRARIES = YES;
				BUNDLE_LOADER = "$(TEST_HOST)";
				INFOPLIST_FILE = "Silly SongTests/Info.plist";
				LD_RUNPATH_SEARCH_PATHS = "$(inherited) @executable_path/Frameworks @loader_path/Frameworks";
				PRODUCT_BUNDLE_IDENTIFIER = "com.ios.manish.Silly-SongTests";
				PRODUCT_NAME = "$(TARGET_NAME)";
				SWIFT_VERSION = 3.0;
				TEST_HOST = "$(BUILT_PRODUCTS_DIR)/Silly Song.app/Silly Song";
			};
			name = Debug;
		};
		CB82660F1E94E115002052AD /* Release */ = {
			isa = XCBuildConfiguration;
			buildSettings = {
				ALWAYS_EMBED_SWIFT_STANDARD_LIBRARIES = YES;
				BUNDLE_LOADER = "$(TEST_HOST)";
				INFOPLIST_FILE = "Silly SongTests/Info.plist";
				LD_RUNPATH_SEARCH_PATHS = "$(inherited) @executable_path/Frameworks @loader_path/Frameworks";
				PRODUCT_BUNDLE_IDENTIFIER = "com.ios.manish.Silly-SongTests";
				PRODUCT_NAME = "$(TARGET_NAME)";
				SWIFT_VERSION = 3.0;
				TEST_HOST = "$(BUILT_PRODUCTS_DIR)/Silly Song.app/Silly Song";
			};
			name = Release;
		};
		CB8266111E94E115002052AD /* Debug */ = {
			isa = XCBuildConfiguration;
			buildSettings = {
				ALWAYS_EMBED_SWIFT_STANDARD_LIBRARIES = YES;
				INFOPLIST_FILE = "Silly SongUITests/Info.plist";
				LD_RUNPATH_SEARCH_PATHS = "$(inherited) @executable_path/Frameworks @loader_path/Frameworks";
				PRODUCT_BUNDLE_IDENTIFIER = "com.ios.manish.Silly-SongUITests";
				PRODUCT_NAME = "$(TARGET_NAME)";
				SWIFT_VERSION = 3.0;
				TEST_TARGET_NAME = "Silly Song";
			};
			name = Debug;
		};
		CB8266121E94E115002052AD /* Release */ = {
			isa = XCBuildConfiguration;
			buildSettings = {
				ALWAYS_EMBED_SWIFT_STANDARD_LIBRARIES = YES;
				INFOPLIST_FILE = "Silly SongUITests/Info.plist";
				LD_RUNPATH_SEARCH_PATHS = "$(inherited) @executable_path/Frameworks @loader_path/Frameworks";
				PRODUCT_BUNDLE_IDENTIFIER = "com.ios.manish.Silly-SongUITests";
				PRODUCT_NAME = "$(TARGET_NAME)";
				SWIFT_VERSION = 3.0;
				TEST_TARGET_NAME = "Silly Song";
			};
			name = Release;
		};
/* End XCBuildConfiguration section */

/* Begin XCConfigurationList section */
		CB8265DD1E94E113002052AD /* Build configuration list for PBXProject "Silly Song" */ = {
			isa = XCConfigurationList;
			buildConfigurations = (
				CB8266081E94E115002052AD /* Debug */,
				CB8266091E94E115002052AD /* Release */,
			);
			defaultConfigurationIsVisible = 0;
			defaultConfigurationName = Release;
		};
		CB82660A1E94E115002052AD /* Build configuration list for PBXNativeTarget "Silly Song" */ = {
			isa = XCConfigurationList;
			buildConfigurations = (
				CB82660B1E94E115002052AD /* Debug */,
				CB82660C1E94E115002052AD /* Release */,
			);
			defaultConfigurationIsVisible = 0;
		};
		CB82660D1E94E115002052AD /* Build configuration list for PBXNativeTarget "Silly SongTests" */ = {
			isa = XCConfigurationList;
			buildConfigurations = (
				CB82660E1E94E115002052AD /* Debug */,
				CB82660F1E94E115002052AD /* Release */,
			);
			defaultConfigurationIsVisible = 0;
		};
		CB8266101E94E115002052AD /* Build configuration list for PBXNativeTarget "Silly SongUITests" */ = {
			isa = XCConfigurationList;
			buildConfigurations = (
				CB8266111E94E115002052AD /* Debug */,
				CB8266121E94E115002052AD /* Release */,
			);
			defaultConfigurationIsVisible = 0;
		};
/* End XCConfigurationList section */
	};
	rootObject = CB8265DA1E94E113002052AD /* Project object */;
}
